// !$*UTF8*$!
{
	archiveVersion = 1;
	classes = {
	};
	objectVersion = 46;
	objects = {

/* Begin PBXBuildFile section */
		C25ABF761946FAFB00BF0B68 /* Foundation.framework in Frameworks */ = {isa = PBXBuildFile; fileRef = C25ABF751946FAFB00BF0B68 /* Foundation.framework */; };
		C25ABF781946FAFB00BF0B68 /* CoreGraphics.framework in Frameworks */ = {isa = PBXBuildFile; fileRef = C25ABF771946FAFB00BF0B68 /* CoreGraphics.framework */; };
		C25ABF7A1946FAFB00BF0B68 /* UIKit.framework in Frameworks */ = {isa = PBXBuildFile; fileRef = C25ABF791946FAFB00BF0B68 /* UIKit.framework */; };
		C25ABF801946FAFB00BF0B68 /* InfoPlist.strings in Resources */ = {isa = PBXBuildFile; fileRef = C25ABF7E1946FAFB00BF0B68 /* InfoPlist.strings */; };
		C25ABF821946FAFB00BF0B68 /* main.m in Sources */ = {isa = PBXBuildFile; fileRef = C25ABF811946FAFB00BF0B68 /* main.m */; };
		C25ABF861946FAFB00BF0B68 /* LYAppDelegate.m in Sources */ = {isa = PBXBuildFile; fileRef = C25ABF851946FAFB00BF0B68 /* LYAppDelegate.m */; };
		C25ABF881946FAFB00BF0B68 /* Images.xcassets in Resources */ = {isa = PBXBuildFile; fileRef = C25ABF871946FAFB00BF0B68 /* Images.xcassets */; };
		C25ABF8F1946FAFC00BF0B68 /* XCTest.framework in Frameworks */ = {isa = PBXBuildFile; fileRef = C25ABF8E1946FAFC00BF0B68 /* XCTest.framework */; };
		C25ABF901946FAFC00BF0B68 /* Foundation.framework in Frameworks */ = {isa = PBXBuildFile; fileRef = C25ABF751946FAFB00BF0B68 /* Foundation.framework */; };
		C25ABF911946FAFC00BF0B68 /* UIKit.framework in Frameworks */ = {isa = PBXBuildFile; fileRef = C25ABF791946FAFB00BF0B68 /* UIKit.framework */; };
		C25ABF991946FAFC00BF0B68 /* InfoPlist.strings in Resources */ = {isa = PBXBuildFile; fileRef = C25ABF971946FAFC00BF0B68 /* InfoPlist.strings */; };
		C25ABF9B1946FAFC00BF0B68 /* FirstTests.m in Sources */ = {isa = PBXBuildFile; fileRef = C25ABF9A1946FAFC00BF0B68 /* FirstTests.m */; };
/* End PBXBuildFile section */

/* Begin PBXContainerItemProxy section */
		C25ABF921946FAFC00BF0B68 /* PBXContainerItemProxy */ = {
			isa = PBXContainerItemProxy;
			containerPortal = C25ABF6A1946FAFB00BF0B68 /* Project object */;
			proxyType = 1;
			remoteGlobalIDString = C25ABF711946FAFB00BF0B68;
			remoteInfo = First;
		};
/* End PBXContainerItemProxy section */

/* Begin PBXFileReference section */
		C25ABF721946FAFB00BF0B68 /* First.app */ = {isa = PBXFileReference; explicitFileType = wrapper.application; includeInIndex = 0; path = First.app; sourceTree = BUILT_PRODUCTS_DIR; };
		C25ABF751946FAFB00BF0B68 /* Foundation.framework */ = {isa = PBXFileReference; lastKnownFileType = wrapper.framework; name = Foundation.framework; path = System/Library/Frameworks/Foundation.framework; sourceTree = SDKROOT; };
		C25ABF771946FAFB00BF0B68 /* CoreGraphics.framework */ = {isa = PBXFileReference; lastKnownFileType = wrapper.framework; name = CoreGraphics.framework; path = System/Library/Frameworks/CoreGraphics.framework; sourceTree = SDKROOT; };
		C25ABF791946FAFB00BF0B68 /* UIKit.framework */ = {isa = PBXFileReference; lastKnownFileType = wrapper.framework; name = UIKit.framework; path = System/Library/Frameworks/UIKit.framework; sourceTree = SDKROOT; };
		C25ABF7D1946FAFB00BF0B68 /* First-Info.plist */ = {isa = PBXFileReference; lastKnownFileType = text.plist.xml; path = "First-Info.plist"; sourceTree = "<group>"; };
		C25ABF7F1946FAFB00BF0B68 /* en */ = {isa = PBXFileReference; lastKnownFileType = text.plist.strings; name = en; path = en.lproj/InfoPlist.strings; sourceTree = "<group>"; };
		C25ABF811946FAFB00BF0B68 /* main.m */ = {isa = PBXFileReference; lastKnownFileType = sourcecode.c.objc; path = main.m; sourceTree = "<group>"; };
		C25ABF831946FAFB00BF0B68 /* First-Prefix.pch */ = {isa = PBXFileReference; lastKnownFileType = sourcecode.c.h; path = "First-Prefix.pch"; sourceTree = "<group>"; };
		C25ABF841946FAFB00BF0B68 /* LYAppDelegate.h */ = {isa = PBXFileReference; lastKnownFileType = sourcecode.c.h; path = LYAppDelegate.h; sourceTree = "<group>"; };
		C25ABF851946FAFB00BF0B68 /* LYAppDelegate.m */ = {isa = PBXFileReference; lastKnownFileType = sourcecode.c.objc; path = LYAppDelegate.m; sourceTree = "<group>"; };
		C25ABF871946FAFB00BF0B68 /* Images.xcassets */ = {isa = PBXFileReference; lastKnownFileType = folder.assetcatalog; path = Images.xcassets; sourceTree = "<group>"; };
		C25ABF8D1946FAFC00BF0B68 /* FirstTests.xctest */ = {isa = PBXFileReference; explicitFileType = wrapper.cfbundle; includeInIndex = 0; path = FirstTests.xctest; sourceTree = BUILT_PRODUCTS_DIR; };
		C25ABF8E1946FAFC00BF0B68 /* XCTest.framework */ = {isa = PBXFileReference; lastKnownFileType = wrapper.framework; name = XCTest.framework; path = Library/Frameworks/XCTest.framework; sourceTree = DEVELOPER_DIR; };
		C25ABF961946FAFC00BF0B68 /* FirstTests-Info.plist */ = {isa = PBXFileReference; lastKnownFileType = text.plist.xml; path = "FirstTests-Info.plist"; sourceTree = "<group>"; };
		C25ABF981946FAFC00BF0B68 /* en */ = {isa = PBXFileReference; lastKnownFileType = text.plist.strings; name = en; path = en.lproj/InfoPlist.strings; sourceTree = "<group>"; };
		C25ABF9A1946FAFC00BF0B68 /* FirstTests.m */ = {isa = PBXFileReference; lastKnownFileType = sourcecode.c.objc; path = FirstTests.m; sourceTree = "<group>"; };
/* End PBXFileReference section */

/* Begin PBXFrameworksBuildPhase section */
		C25ABF6F1946FAFB00BF0B68 /* Frameworks */ = {
			isa = PBXFrameworksBuildPhase;
			buildActionMask = 2147483647;
			files = (
				C25ABF781946FAFB00BF0B68 /* CoreGraphics.framework in Frameworks */,
				C25ABF7A1946FAFB00BF0B68 /* UIKit.framework in Frameworks */,
				C25ABF761946FAFB00BF0B68 /* Foundation.framework in Frameworks */,
			);
			runOnlyForDeploymentPostprocessing = 0;
		};
		C25ABF8A1946FAFB00BF0B68 /* Frameworks */ = {
			isa = PBXFrameworksBuildPhase;
			buildActionMask = 2147483647;
			files = (
				C25ABF8F1946FAFC00BF0B68 /* XCTest.framework in Frameworks */,
				C25ABF911946FAFC00BF0B68 /* UIKit.framework in Frameworks */,
				C25ABF901946FAFC00BF0B68 /* Foundation.framework in Frameworks */,
			);
			runOnlyForDeploymentPostprocessing = 0;
		};
/* End PBXFrameworksBuildPhase section */

/* Begin PBXGroup section */
		C25ABF691946FAFB00BF0B68 = {
			isa = PBXGroup;
			children = (
				C25ABF7B1946FAFB00BF0B68 /* First */,
				C25ABF941946FAFC00BF0B68 /* FirstTests */,
				C25ABF741946FAFB00BF0B68 /* Frameworks */,
				C25ABF731946FAFB00BF0B68 /* Products */,
			);
			sourceTree = "<group>";
		};
		C25ABF731946FAFB00BF0B68 /* Products */ = {
			isa = PBXGroup;
			children = (
				C25ABF721946FAFB00BF0B68 /* First.app */,
				C25ABF8D1946FAFC00BF0B68 /* FirstTests.xctest */,
			);
			name = Products;
			sourceTree = "<group>";
		};
		C25ABF741946FAFB00BF0B68 /* Frameworks */ = {
			isa = PBXGroup;
			children = (
				C25ABF751946FAFB00BF0B68 /* Foundation.framework */,
				C25ABF771946FAFB00BF0B68 /* CoreGraphics.framework */,
				C25ABF791946FAFB00BF0B68 /* UIKit.framework */,
				C25ABF8E1946FAFC00BF0B68 /* XCTest.framework */,
			);
			name = Frameworks;
			sourceTree = "<group>";
		};
		C25ABF7B1946FAFB00BF0B68 /* First */ = {
			isa = PBXGroup;
			children = (
				C25ABF841946FAFB00BF0B68 /* LYAppDelegate.h */,
				C25ABF851946FAFB00BF0B68 /* LYAppDelegate.m */,
				C25ABF871946FAFB00BF0B68 /* Images.xcassets */,
				C25ABF7C1946FAFB00BF0B68 /* Supporting Files */,
			);
			path = First;
			sourceTree = "<group>";
		};
		C25ABF7C1946FAFB00BF0B68 /* Supporting Files */ = {
			isa = PBXGroup;
			children = (
				C25ABF7D1946FAFB00BF0B68 /* First-Info.plist */,
				C25ABF7E1946FAFB00BF0B68 /* InfoPlist.strings */,
				C25ABF811946FAFB00BF0B68 /* main.m */,
				C25ABF831946FAFB00BF0B68 /* First-Prefix.pch */,
			);
			name = "Supporting Files";
			sourceTree = "<group>";
		};
		C25ABF941946FAFC00BF0B68 /* FirstTests */ = {
			isa = PBXGroup;
			children = (
				C25ABF9A1946FAFC00BF0B68 /* FirstTests.m */,
				C25ABF951946FAFC00BF0B68 /* Supporting Files */,
			);
			path = FirstTests;
			sourceTree = "<group>";
		};
		C25ABF951946FAFC00BF0B68 /* Supporting Files */ = {
			isa = PBXGroup;
			children = (
				C25ABF961946FAFC00BF0B68 /* FirstTests-Info.plist */,
				C25ABF971946FAFC00BF0B68 /* InfoPlist.strings */,
			);
			name = "Supporting Files";
			sourceTree = "<group>";
		};
/* End PBXGroup section */

/* Begin PBXNativeTarget section */
		C25ABF711946FAFB00BF0B68 /* First */ = {
			isa = PBXNativeTarget;
			buildConfigurationList = C25ABF9E1946FAFC00BF0B68 /* Build configuration list for PBXNativeTarget "First" */;
			buildPhases = (
				C25ABF6E1946FAFB00BF0B68 /* Sources */,
				C25ABF6F1946FAFB00BF0B68 /* Frameworks */,
				C25ABF701946FAFB00BF0B68 /* Resources */,
			);
			buildRules = (
			);
			dependencies = (
			);
			name = First;
			productName = First;
			productReference = C25ABF721946FAFB00BF0B68 /* First.app */;
			productType = "com.apple.product-type.application";
		};
		C25ABF8C1946FAFB00BF0B68 /* FirstTests */ = {
			isa = PBXNativeTarget;
			buildConfigurationList = C25ABFA11946FAFC00BF0B68 /* Build configuration list for PBXNativeTarget "FirstTests" */;
			buildPhases = (
				C25ABF891946FAFB00BF0B68 /* Sources */,
				C25ABF8A1946FAFB00BF0B68 /* Frameworks */,
				C25ABF8B1946FAFB00BF0B68 /* Resources */,
			);
			buildRules = (
			);
			dependencies = (
				C25ABF931946FAFC00BF0B68 /* PBXTargetDependency */,
			);
			name = FirstTests;
			productName = FirstTests;
			productReference = C25ABF8D1946FAFC00BF0B68 /* FirstTests.xctest */;
			productType = "com.apple.product-type.bundle.unit-test";
		};
/* End PBXNativeTarget section */

/* Begin PBXProject section */
		C25ABF6A1946FAFB00BF0B68 /* Project object */ = {
			isa = PBXProject;
			attributes = {
				CLASSPREFIX = LY;
				LastUpgradeCheck = 0500;
				ORGANIZATIONNAME = lanou3g;
				TargetAttributes = {
					C25ABF8C1946FAFB00BF0B68 = {
						TestTargetID = C25ABF711946FAFB00BF0B68;
					};
				};
			};
			buildConfigurationList = C25ABF6D1946FAFB00BF0B68 /* Build configuration list for PBXProject "First" */;
			compatibilityVersion = "Xcode 3.2";
			developmentRegion = English;
			hasScannedForEncodings = 0;
			knownRegions = (
				en,
			);
			mainGroup = C25ABF691946FAFB00BF0B68;
			productRefGroup = C25ABF731946FAFB00BF0B68 /* Products */;
			projectDirPath = "";
			projectRoot = "";
			targets = (
				C25ABF711946FAFB00BF0B68 /* First */,
				C25ABF8C1946FAFB00BF0B68 /* FirstTests */,
			);
		};
/* End PBXProject section */

/* Begin PBXResourcesBuildPhase section */
		C25ABF701946FAFB00BF0B68 /* Resources */ = {
			isa = PBXResourcesBuildPhase;
			buildActionMask = 2147483647;
			files = (
				C25ABF801946FAFB00BF0B68 /* InfoPlist.strings in Resources */,
				C25ABF881946FAFB00BF0B68 /* Images.xcassets in Resources */,
			);
			runOnlyForDeploymentPostprocessing = 0;
		};
		C25ABF8B1946FAFB00BF0B68 /* Resources */ = {
			isa = PBXResourcesBuildPhase;
			buildActionMask = 2147483647;
			files = (
				C25ABF991946FAFC00BF0B68 /* InfoPlist.strings in Resources */,
			);
			runOnlyForDeploymentPostprocessing = 0;
		};
/* End PBXResourcesBuildPhase section */

/* Begin PBXSourcesBuildPhase section */
		C25ABF6E1946FAFB00BF0B68 /* Sources */ = {
			isa = PBXSourcesBuildPhase;
			buildActionMask = 2147483647;
			files = (
				C25ABF821946FAFB00BF0B68 /* main.m in Sources */,
				C25ABF861946FAFB00BF0B68 /* LYAppDelegate.m in Sources */,
			);
			runOnlyForDeploymentPostprocessing = 0;
		};
		C25ABF891946FAFB00BF0B68 /* Sources */ = {
			isa = PBXSourcesBuildPhase;
			buildActionMask = 2147483647;
			files = (
				C25ABF9B1946FAFC00BF0B68 /* FirstTests.m in Sources */,
			);
			runOnlyForDeploymentPostprocessing = 0;
		};
/* End PBXSourcesBuildPhase section */

/* Begin PBXTargetDependency section */
		C25ABF931946FAFC00BF0B68 /* PBXTargetDependency */ = {
			isa = PBXTargetDependency;
			target = C25ABF711946FAFB00BF0B68 /* First */;
			targetProxy = C25ABF921946FAFC00BF0B68 /* PBXContainerItemProxy */;
		};
/* End PBXTargetDependency section */

/* Begin PBXVariantGroup section */
		C25ABF7E1946FAFB00BF0B68 /* InfoPlist.strings */ = {
			isa = PBXVariantGroup;
			children = (
				C25ABF7F1946FAFB00BF0B68 /* en */,
			);
			name = InfoPlist.strings;
			sourceTree = "<group>";
		};
		C25ABF971946FAFC00BF0B68 /* InfoPlist.strings */ = {
			isa = PBXVariantGroup;
			children = (
				C25ABF981946FAFC00BF0B68 /* en */,
			);
			name = InfoPlist.strings;
			sourceTree = "<group>";
		};
/* End PBXVariantGroup section */

/* Begin XCBuildConfiguration section */
		C25ABF9C1946FAFC00BF0B68 /* Debug */ = {
			isa = XCBuildConfiguration;
			buildSettings = {
				ALWAYS_SEARCH_USER_PATHS = NO;
				ARCHS = "$(ARCHS_STANDARD_INCLUDING_64_BIT)";
				CLANG_CXX_LANGUAGE_STANDARD = "gnu++0x";
				CLANG_CXX_LIBRARY = "libc++";
				CLANG_ENABLE_MODULES = YES;
				CLANG_ENABLE_OBJC_ARC = YES;
				CLANG_WARN_BOOL_CONVERSION = YES;
				CLANG_WARN_CONSTANT_CONVERSION = YES;
				CLANG_WARN_DIRECT_OBJC_ISA_USAGE = YES_ERROR;
				CLANG_WARN_EMPTY_BODY = YES;
				CLANG_WARN_ENUM_CONVERSION = YES;
				CLANG_WARN_INT_CONVERSION = YES;
				CLANG_WARN_OBJC_ROOT_CLASS = YES_ERROR;
				CLANG_WARN__DUPLICATE_METHOD_MATCH = YES;
				"CODE_SIGN_IDENTITY[sdk=iphoneos*]" = "iPhone Developer";
				COPY_PHASE_STRIP = NO;
				GCC_C_LANGUAGE_STANDARD = gnu99;
				GCC_DYNAMIC_NO_PIC = NO;
				GCC_OPTIMIZATION_LEVEL = 0;
				GCC_PREPROCESSOR_DEFINITIONS = (
					"DEBUG=1",
					"$(inherited)",
				);
				GCC_SYMBOLS_PRIVATE_EXTERN = NO;
				GCC_WARN_64_TO_32_BIT_CONVERSION = YES;
				GCC_WARN_ABOUT_RETURN_TYPE = YES_ERROR;
				GCC_WARN_UNDECLARED_SELECTOR = YES;
				GCC_WARN_UNINITIALIZED_AUTOS = YES;
				GCC_WARN_UNUSED_FUNCTION = YES;
				GCC_WARN_UNUSED_VARIABLE = YES;
				IPHONEOS_DEPLOYMENT_TARGET = 7.0;
				ONLY_ACTIVE_ARCH = YES;
				SDKROOT = iphoneos;
			};
			name = Debug;
		};
		C25ABF9D1946FAFC00BF0B68 /* Release */ = {
			isa = XCBuildConfiguration;
			buildSettings = {
				ALWAYS_SEARCH_USER_PATHS = NO;
				ARCHS = "$(ARCHS_STANDARD_INCLUDING_64_BIT)";
				CLANG_CXX_LANGUAGE_STANDARD = "gnu++0x";
				CLANG_CXX_LIBRARY = "libc++";
				CLANG_ENABLE_MODULES = YES;
				CLANG_ENABLE_OBJC_ARC = YES;
				CLANG_WARN_BOOL_CONVERSION = YES;
				CLANG_WARN_CONSTANT_CONVERSION = YES;
				CLANG_WARN_DIRECT_OBJC_ISA_USAGE = YES_ERROR;
				CLANG_WARN_EMPTY_BODY = YES;
				CLANG_WARN_ENUM_CONVERSION = YES;
				CLANG_WARN_INT_CONVERSION = YES;
				CLANG_WARN_OBJC_ROOT_CLASS = YES_ERROR;
				CLANG_WARN__DUPLICATE_METHOD_MATCH = YES;
				"CODE_SIGN_IDENTITY[sdk=iphoneos*]" = "iPhone Developer";
				COPY_PHASE_STRIP = YES;
				ENABLE_NS_ASSERTIONS = NO;
				GCC_C_LANGUAGE_STANDARD = gnu99;
				GCC_WARN_64_TO_32_BIT_CONVERSION = YES;
				GCC_WARN_ABOUT_RETURN_TYPE = YES_ERROR;
				GCC_WARN_UNDECLARED_SELECTOR = YES;
				GCC_WARN_UNINITIALIZED_AUTOS = YES;
				GCC_WARN_UNUSED_FUNCTION = YES;
				GCC_WARN_UNUSED_VARIABLE = YES;
				IPHONEOS_DEPLOYMENT_TARGET = 7.0;
				SDKROOT = iphoneos;
				VALIDATE_PRODUCT = YES;
			};
			name = Release;
		};
		C25ABF9F1946FAFC00BF0B68 /* Debug */ = {
			isa = XCBuildConfiguration;
			buildSettings = {
				ASSETCATALOG_COMPILER_APPICON_NAME = AppIcon;
				ASSETCATALOG_COMPILER_LAUNCHIMAGE_NAME = LaunchImage;
				GCC_PRECOMPILE_PREFIX_HEADER = YES;
				GCC_PREFIX_HEADER = "First/First-Prefix.pch";
				INFOPLIST_FILE = "First/First-Info.plist";
				PRODUCT_NAME = "$(TARGET_NAME)";
				WRAPPER_EXTENSION = app;
			};
			name = Debug;
		};
		C25ABFA01946FAFC00BF0B68 /* Release */ = {
			isa = XCBuildConfiguration;
			buildSettings = {
				ASSETCATALOG_COMPILER_APPICON_NAME = AppIcon;
				ASSETCATALOG_COMPILER_LAUNCHIMAGE_NAME = LaunchImage;
				GCC_PRECOMPILE_PREFIX_HEADER = YES;
				GCC_PREFIX_HEADER = "First/First-Prefix.pch";
				INFOPLIST_FILE = "First/First-Info.plist";
				PRODUCT_NAME = "$(TARGET_NAME)";
				WRAPPER_EXTENSION = app;
			};
			name = Release;
		};
		C25ABFA21946FAFC00BF0B68 /* Debug */ = {
			isa = XCBuildConfiguration;
			buildSettings = {
				ARCHS = "$(ARCHS_STANDARD_INCLUDING_64_BIT)";
				BUNDLE_LOADER = "$(BUILT_PRODUCTS_DIR)/First.app/First";
				FRAMEWORK_SEARCH_PATHS = (
					"$(SDKROOT)/Developer/Library/Frameworks",
					"$(inherited)",
					"$(DEVELOPER_FRAMEWORKS_DIR)",
				);
				GCC_PRECOMPILE_PREFIX_HEADER = YES;
				GCC_PREFIX_HEADER = "First/First-Prefix.pch";
				GCC_PREPROCESSOR_DEFINITIONS = (
					"DEBUG=1",
					"$(inherited)",
				);
				INFOPLIST_FILE = "FirstTests/FirstTests-Info.plist";
				PRODUCT_NAME = "$(TARGET_NAME)";
				TEST_HOST = "$(BUNDLE_LOADER)";
				WRAPPER_EXTENSION = xctest;
			};
			name = Debug;
		};
		C25ABFA31946FAFC00BF0B68 /* Release */ = {
			isa = XCBuildConfiguration;
			buildSettings = {
				ARCHS = "$(ARCHS_STANDARD_INCLUDING_64_BIT)";
				BUNDLE_LOADER = "$(BUILT_PRODUCTS_DIR)/First.app/First";
				FRAMEWORK_SEARCH_PATHS = (
					"$(SDKROOT)/Developer/Library/Frameworks",
					"$(inherited)",
					"$(DEVELOPER_FRAMEWORKS_DIR)",
				);
				GCC_PRECOMPILE_PREFIX_HEADER = YES;
				GCC_PREFIX_HEADER = "First/First-Prefix.pch";
				INFOPLIST_FILE = "FirstTests/FirstTests-Info.plist";
				PRODUCT_NAME = "$(TARGET_NAME)";
				TEST_HOST = "$(BUNDLE_LOADER)";
				WRAPPER_EXTENSION = xctest;
			};
			name = Release;
		};
/* End XCBuildConfiguration section */

/* Begin XCConfigurationList section */
		C25ABF6D1946FAFB00BF0B68 /* Build configuration list for PBXProject "First" */ = {
			isa = XCConfigurationList;
			buildConfigurations = (
				C25ABF9C1946FAFC00BF0B68 /* Debug */,
				C25ABF9D1946FAFC00BF0B68 /* Release */,
			);
			defaultConfigurationIsVisible = 0;
			defaultConfigurationName = Release;
		};
		C25ABF9E1946FAFC00BF0B68 /* Build configuration list for PBXNativeTarget "First" */ = {
			isa = XCConfigurationList;
			buildConfigurations = (
				C25ABF9F1946FAFC00BF0B68 /* Debug */,
				C25ABFA01946FAFC00BF0B68 /* Release */,
			);
			defaultConfigurationIsVisible = 0;
		};
		C25ABFA11946FAFC00BF0B68 /* Build configuration list for PBXNativeTarget "FirstTests" */ = {
			isa = XCConfigurationList;
			buildConfigurations = (
				C25ABFA21946FAFC00BF0B68 /* Debug */,
				C25ABFA31946FAFC00BF0B68 /* Release */,
			);
			defaultConfigurationIsVisible = 0;
		};
/* End XCConfigurationList section */
	};
	rootObject = C25ABF6A1946FAFB00BF0B68 /* Project object */;
}
